{
  "name": "xiaoxiaole",
  "version": "3.4.0",
  "lockfileVersion": 2,
  "requires": true,
  "packages": {
    "": {
      "name": "xiaoxiaole",
      "version": "3.4.0",
      "dependencies": {
        "protobufjs": "^6.11.2",
        "tantan-frontend-utils": "^0.0.19",
        "tantan-js-sdk": "^2.2.1",
        "tantan-live-frontend-bridge": "^0.0.19"
      }
    },
    "node_modules/@protobufjs/aspromise": {
      "version": "1.1.2",
      "resolved": "http://npm.p1staff.com/@protobufjs%2faspromise/-/aspromise-1.1.2.tgz",
      "integrity": "sha1-m4sMxmPWaafY9vXQiToU00jzD78=",
      "license": "BSD-3-Clause"
    },
    "node_modules/@protobufjs/base64": {
      "version": "1.1.2",
      "resolved": "http://npm.p1staff.com/@protobufjs%2fbase64/-/base64-1.1.2.tgz",
      "integrity": "sha512-AZkcAA5vnN/v4PDqKyMR5lx7hZttPDgClv83E//FMNhR2TMcLUhfRUBHCmSl0oi9zMgDDqRUJkSxO3wm85+XLg==",
      "license": "BSD-3-Clause"
    },
    "node_modules/@protobufjs/codegen": {
      "version": "2.0.4",
      "resolved": "http://npm.p1staff.com/@protobufjs%2fcodegen/-/codegen-2.0.4.tgz",
      "integrity": "sha512-YyFaikqM5sH0ziFZCN3xDC7zeGaB/d0IUb9CATugHWbd1FRFwWwt4ld4OYMPWu5a3Xe01mGAULCdqhMlPl29Jg==",
      "license": "BSD-3-Clause"
    },
    "node_modules/@protobufjs/eventemitter": {
      "version": "1.1.0",
      "resolved": "http://npm.p1staff.com/@protobufjs%2feventemitter/-/eventemitter-1.1.0.tgz",
      "integrity": "sha1-NVy8mLr61ZePntCV85diHx0Ga3A=",
      "license": "BSD-3-Clause"
    },
    "node_modules/@protobufjs/fetch": {
      "version": "1.1.0",
      "resolved": "http://npm.p1staff.com/@protobufjs%2ffetch/-/fetch-1.1.0.tgz",
      "integrity": "sha1-upn7WYYUr2VwDBYZ/wbUVLDYTEU=",
      "license": "BSD-3-Clause",
      "dependencies": {
        "@protobufjs/aspromise": "^1.1.1",
        "@protobufjs/inquire": "^1.1.0"
      }
    },
    "node_modules/@protobufjs/float": {
      "version": "1.0.2",
      "resolved": "http://npm.p1staff.com/@protobufjs%2ffloat/-/float-1.0.2.tgz",
      "integrity": "sha1-Xp4avctz/Ap8uLKR33jIy9l7h9E=",
      "license": "BSD-3-Clause"
    },
    "node_modules/@protobufjs/inquire": {
      "version": "1.1.0",
      "resolved": "http://npm.p1staff.com/@protobufjs%2finquire/-/inquire-1.1.0.tgz",
      "integrity": "sha1-/yAOPnzyQp4tyvwRQIKOjMY48Ik=",
      "license": "BSD-3-Clause"
    },
    "node_modules/@protobufjs/path": {
      "version": "1.1.2",
      "resolved": "http://npm.p1staff.com/@protobufjs%2fpath/-/path-1.1.2.tgz",
      "integrity": "sha1-bMKyDFya1q0NzP0hynZz2Nf79o0=",
      "license": "BSD-3-Clause"
    },
    "node_modules/@protobufjs/pool": {
      "version": "1.1.0",
      "resolved": "http://npm.p1staff.com/@protobufjs%2fpool/-/pool-1.1.0.tgz",
      "integrity": "sha1-Cf0V8tbTq/qbZbw2ZQbWrXhG/1Q=",
      "license": "BSD-3-Clause"
    },
    "node_modules/@protobufjs/utf8": {
      "version": "1.1.0",
      "resolved": "http://npm.p1staff.com/@protobufjs%2futf8/-/utf8-1.1.0.tgz",
      "integrity": "sha1-p3c2C1s5oaLlEG+OhY8v0tBgxXA=",
      "license": "BSD-3-Clause"
    },
    "node_modules/@types/long": {
      "version": "4.0.1",
      "resolved": "http://npm.p1staff.com/@types%2flong/-/long-4.0.1.tgz",
      "integrity": "sha512-5tXH6Bx/kNGd3MgffdmP4dy2Z+G4eaXw0SE81Tq3BNadtnMR5/ySMzX4SLEzHJzSmPNn4HIdpQsBvXMUykr58w==",
      "license": "MIT"
    },
    "node_modules/@types/node": {
      "version": "17.0.19",
      "resolved": "http://npm.p1staff.com/@types%2fnode/-/node-17.0.19.tgz",
      "integrity": "sha512-PfeQhvcMR4cPFVuYfBN4ifG7p9c+Dlh3yUZR6k+5yQK7wX3gDgVxBly4/WkBRs9x4dmcy1TVl08SY67wwtEvmA==",
      "license": "MIT"
    },
    "node_modules/long": {
      "version": "4.0.0",
      "resolved": "http://npm.p1staff.com/long/-/long-4.0.0.tgz",
      "integrity": "sha512-XsP+KhQif4bjX1kbuSiySJFNAehNxgLb6hPRGJ9QsUr8ajHkuXGdrHmFUTUUXhDwVX2R5bY4JNZEwbUiMhV+MA==",
      "license": "Apache-2.0"
    },
    "node_modules/protobufjs": {
      "version": "6.11.2",
      "resolved": "http://npm.p1staff.com/protobufjs/-/protobufjs-6.11.2.tgz",
      "integrity": "sha512-4BQJoPooKJl2G9j3XftkIXjoC9C0Av2NOrWmbLWT1vH32GcSUHjM0Arra6UfTsVyfMAuFzaLucXn1sadxJydAw==",
      "hasInstallScript": true,
      "license": "BSD-3-Clause",
      "dependencies": {
        "@protobufjs/aspromise": "^1.1.2",
        "@protobufjs/base64": "^1.1.2",
        "@protobufjs/codegen": "^2.0.4",
        "@protobufjs/eventemitter": "^1.1.0",
        "@protobufjs/fetch": "^1.1.0",
        "@protobufjs/float": "^1.0.2",
        "@protobufjs/inquire": "^1.1.0",
        "@protobufjs/path": "^1.1.2",
        "@protobufjs/pool": "^1.1.0",
        "@protobufjs/utf8": "^1.1.0",
        "@types/long": "^4.0.1",
        "@types/node": ">=13.7.0",
        "long": "^4.0.0"
      },
      "bin": {
        "pbjs": "bin/pbjs",
        "pbts": "bin/pbts"
      }
    },
    "node_modules/svgaplayerweb": {
      "version": "2.3.2",
      "resolved": "http://npm.p1staff.com/svgaplayerweb/-/svgaplayerweb-2.3.2.tgz",
      "integrity": "sha512-QuTvNIgy3W6Mi4h74SczEHUtAwb8m3ax7Ai7xRLUuN6hjJh49RGtWOWq1IuF2I7ECcl0HAYn8FcTn99UDz9UiQ==",
      "license": "Apache License 2.0"
    },
    "node_modules/tantan-frontend-utils": {
      "version": "0.0.19",
      "resolved": "http://npm.p1staff.com/tantan-frontend-utils/-/tantan-frontend-utils-0.0.19.tgz",
      "integrity": "sha512-Y1MUvhgw4/awo01KnI2Jb27xk6yT3lT94T6K9wAZiiMOnrrb6DgYFGFCibSC61yV0B967Xna5+rQ9sPlkD+7ow==",
      "license": "MIT",
      "dependencies": {
        "svgaplayerweb": "^2.3.1"
      },
      "engines": {
        "node": ">=10"
      }
    },
    "node_modules/tantan-js-sdk": {
      "version": "2.2.1",
      "resolved": "http://npm.p1staff.com/tantan-js-sdk/-/tantan-js-sdk-2.2.1.tgz",
      "integrity": "sha512-0HNyYe/O4m+1kH13pwwZOKu/5q2AaXsSbJAbiqeDVWhMEdj4TJDTl5R8RgWTmQEQg9z6wq3bmtPlLeAHXKVbgg==",
      "license": "ISC"
    },
    "node_modules/tantan-live-frontend-bridge": {
      "version": "0.0.19",
      "resolved": "http://npm.p1staff.com/tantan-live-frontend-bridge/-/tantan-live-frontend-bridge-0.0.19.tgz",
      "integrity": "sha512-0hU9vIP2Mg1fbUCnYwiPorVFmIz5+lh1FI9qDw4MYTfHJkOXSNm14QTP9nG+aIrSdwFKLRV4jycQcn9+elG/xA==",
      "license": "ISC"
    }
  },
  "dependencies": {
    "@protobufjs/aspromise": {
      "version": "1.1.2",
      "resolved": "http://npm.p1staff.com/@protobufjs%2faspromise/-/aspromise-1.1.2.tgz",
      "integrity": "sha1-m4sMxmPWaafY9vXQiToU00jzD78="
    },
    "@protobufjs/base64": {
      "version": "1.1.2",
      "resolved": "http://npm.p1staff.com/@protobufjs%2fbase64/-/base64-1.1.2.tgz",
      "integrity": "sha512-AZkcAA5vnN/v4PDqKyMR5lx7hZttPDgClv83E//FMNhR2TMcLUhfRUBHCmSl0oi9zMgDDqRUJkSxO3wm85+XLg=="
    },
    "@protobufjs/codegen": {
      "version": "2.0.4",
      "resolved": "http://npm.p1staff.com/@protobufjs%2fcodegen/-/codegen-2.0.4.tgz",
      "integrity": "sha512-YyFaikqM5sH0ziFZCN3xDC7zeGaB/d0IUb9CATugHWbd1FRFwWwt4ld4OYMPWu5a3Xe01mGAULCdqhMlPl29Jg=="
    },
    "@protobufjs/eventemitter": {
      "version": "1.1.0",
      "resolved": "http://npm.p1staff.com/@protobufjs%2feventemitter/-/eventemitter-1.1.0.tgz",
      "integrity": "sha1-NVy8mLr61ZePntCV85diHx0Ga3A="
    },
    "@protobufjs/fetch": {
      "version": "1.1.0",
      "resolved": "http://npm.p1staff.com/@protobufjs%2ffetch/-/fetch-1.1.0.tgz",
      "integrity": "sha1-upn7WYYUr2VwDBYZ/wbUVLDYTEU=",
      "requires": {
        "@protobufjs/aspromise": "^1.1.1",
        "@protobufjs/inquire": "^1.1.0"
      }
    },
    "@protobufjs/float": {
      "version": "1.0.2",
      "resolved": "http://npm.p1staff.com/@protobufjs%2ffloat/-/float-1.0.2.tgz",
      "integrity": "sha1-Xp4avctz/Ap8uLKR33jIy9l7h9E="
    },
    "@protobufjs/inquire": {
      "version": "1.1.0",
      "resolved": "http://npm.p1staff.com/@protobufjs%2finquire/-/inquire-1.1.0.tgz",
      "integrity": "sha1-/yAOPnzyQp4tyvwRQIKOjMY48Ik="
    },
    "@protobufjs/path": {
      "version": "1.1.2",
      "resolved": "http://npm.p1staff.com/@protobufjs%2fpath/-/path-1.1.2.tgz",
      "integrity": "sha1-bMKyDFya1q0NzP0hynZz2Nf79o0="
    },
    "@protobufjs/pool": {
      "version": "1.1.0",
      "resolved": "http://npm.p1staff.com/@protobufjs%2fpool/-/pool-1.1.0.tgz",
      "integrity": "sha1-Cf0V8tbTq/qbZbw2ZQbWrXhG/1Q="
    },
    "@protobufjs/utf8": {
      "version": "1.1.0",
      "resolved": "http://npm.p1staff.com/@protobufjs%2futf8/-/utf8-1.1.0.tgz",
      "integrity": "sha1-p3c2C1s5oaLlEG+OhY8v0tBgxXA="
    },
    "@types/long": {
      "version": "4.0.1",
      "resolved": "http://npm.p1staff.com/@types%2flong/-/long-4.0.1.tgz",
      "integrity": "sha512-5tXH6Bx/kNGd3MgffdmP4dy2Z+G4eaXw0SE81Tq3BNadtnMR5/ySMzX4SLEzHJzSmPNn4HIdpQsBvXMUykr58w=="
    },
    "@types/node": {
      "version": "17.0.19",
      "resolved": "http://npm.p1staff.com/@types%2fnode/-/node-17.0.19.tgz",
      "integrity": "sha512-PfeQhvcMR4cPFVuYfBN4ifG7p9c+Dlh3yUZR6k+5yQK7wX3gDgVxBly4/WkBRs9x4dmcy1TVl08SY67wwtEvmA=="
    },
    "long": {
      "version": "4.0.0",
      "resolved": "http://npm.p1staff.com/long/-/long-4.0.0.tgz",
      "integrity": "sha512-XsP+KhQif4bjX1kbuSiySJFNAehNxgLb6hPRGJ9QsUr8ajHkuXGdrHmFUTUUXhDwVX2R5bY4JNZEwbUiMhV+MA=="
    },
    "protobufjs": {
      "version": "6.11.2",
      "resolved": "http://npm.p1staff.com/protobufjs/-/protobufjs-6.11.2.tgz",
      "integrity": "sha512-4BQJoPooKJl2G9j3XftkIXjoC9C0Av2NOrWmbLWT1vH32GcSUHjM0Arra6UfTsVyfMAuFzaLucXn1sadxJydAw==",
      "requires": {
        "@protobufjs/aspromise": "^1.1.2",
        "@protobufjs/base64": "^1.1.2",
        "@protobufjs/codegen": "^2.0.4",
        "@protobufjs/eventemitter": "^1.1.0",
        "@protobufjs/fetch": "^1.1.0",
        "@protobufjs/float": "^1.0.2",
        "@protobufjs/inquire": "^1.1.0",
        "@protobufjs/path": "^1.1.2",
        "@protobufjs/pool": "^1.1.0",
        "@protobufjs/utf8": "^1.1.0",
        "@types/long": "^4.0.1",
        "@types/node": ">=13.7.0",
        "long": "^4.0.0"
      }
    },
    "svgaplayerweb": {
      "version": "2.3.2",
      "resolved": "http://npm.p1staff.com/svgaplayerweb/-/svgaplayerweb-2.3.2.tgz",
      "integrity": "sha512-QuTvNIgy3W6Mi4h74SczEHUtAwb8m3ax7Ai7xRLUuN6hjJh49RGtWOWq1IuF2I7ECcl0HAYn8FcTn99UDz9UiQ=="
    },
    "tantan-frontend-utils": {
      "version": "0.0.19",
      "resolved": "http://npm.p1staff.com/tantan-frontend-utils/-/tantan-frontend-utils-0.0.19.tgz",
      "integrity": "sha512-Y1MUvhgw4/awo01KnI2Jb27xk6yT3lT94T6K9wAZiiMOnrrb6DgYFGFCibSC61yV0B967Xna5+rQ9sPlkD+7ow==",
      "requires": {
        "svgaplayerweb": "^2.3.1"
      }
    },
    "tantan-js-sdk": {
      "version": "2.2.1",
      "resolved": "http://npm.p1staff.com/tantan-js-sdk/-/tantan-js-sdk-2.2.1.tgz",
      "integrity": "sha512-0HNyYe/O4m+1kH13pwwZOKu/5q2AaXsSbJAbiqeDVWhMEdj4TJDTl5R8RgWTmQEQg9z6wq3bmtPlLeAHXKVbgg=="
    },
    "tantan-live-frontend-bridge": {
      "version": "0.0.19",
      "resolved": "http://npm.p1staff.com/tantan-live-frontend-bridge/-/tantan-live-frontend-bridge-0.0.19.tgz",
      "integrity": "sha512-0hU9vIP2Mg1fbUCnYwiPorVFmIz5+lh1FI9qDw4MYTfHJkOXSNm14QTP9nG+aIrSdwFKLRV4jycQcn9+elG/xA=="
    }
  }
}
